
Microsoft Visual Studio Solution File, Format Version 12.00
# Visual Studio Version 17
VisualStudioVersion = 17.6.33829.357
MinimumVisualStudioVersion = 10.0.40219.1
Project("{9A19103F-16F7-4668-BE54-9A1E7A4F7556}") = "AccountInformationMicroservice.API", "AccountInformationMicroservice.API\AccountInformationMicroservice.API.csproj", "{AEBB3EEF-21D7-450D-BD3E-32DCD64A9C4A}"
EndProject
Project("{9A19103F-16F7-4668-BE54-9A1E7A4F7556}") = "AccountInformationMicroservice.Services", "AccountInformationMicroservice.Services\AccountInformationMicroservice.Services.csproj", "{D7D9F7C8-1191-4F7D-A944-C6D3C6540DAA}"
EndProject
Project("{9A19103F-16F7-4668-BE54-9A1E7A4F7556}") = "AccountInformationMicroservice.IServices", "AccountInformationMicroservice.IServices\AccountInformationMicroservice.IServices.csproj", "{6BBE31BA-217C-4A08-A4AF-7B2C6F778BC0}"
EndProject
Project("{9A19103F-16F7-4668-BE54-9A1E7A4F7556}") = "AccountInformationMicroservice.CQRS", "AccountInformationMicroservice.CQRS\AccountInformationMicroservice.CQRS.csproj", "{382DA79F-F794-495C-A8D5-34C44E5906F2}"
EndProject
Project("{9A19103F-16F7-4668-BE54-9A1E7A4F7556}") = "AccountInformationMicroservice.DTOs", "AccountInformationMicroservice.DTOs\AccountInformationMicroservice.DTOs.csproj", "{0F507D3C-74F9-4AD3-8CE4-A26C768EFFC6}"
EndProject
Project("{9A19103F-16F7-4668-BE54-9A1E7A4F7556}") = "AccountInformationMicroservice.Data", "AccountInformationMicroservice.Data\AccountInformationMicroservice.Data.csproj", "{38AEF939-AEC7-42AC-8B30-63F75EAD2932}"
EndProject
Project("{9A19103F-16F7-4668-BE54-9A1E7A4F7556}") = "AccountManagementMicroservice.MessagingService", "..\BankManagementMicroservice\AccountManagementMicroservice.MessagingService\AccountManagementMicroservice.MessagingService.csproj", "{4D759796-C880-4E2F-A250-BB80CCECBC91}"
EndProject
Project("{FAE04EC0-301F-11D3-BF4B-00C04F79EFBC}") = "ShareModel", "..\ShareModel\ShareModel.csproj", "{C7861223-D6F1-428A-B489-1F568A44E438}"
EndProject
Global
	GlobalSection(SolutionConfigurationPlatforms) = preSolution
		Debug|Any CPU = Debug|Any CPU
		Release|Any CPU = Release|Any CPU
	EndGlobalSection
	GlobalSection(ProjectConfigurationPlatforms) = postSolution
		{AEBB3EEF-21D7-450D-BD3E-32DCD64A9C4A}.Debug|Any CPU.ActiveCfg = Debug|Any CPU
		{AEBB3EEF-21D7-450D-BD3E-32DCD64A9C4A}.Debug|Any CPU.Build.0 = Debug|Any CPU
		{AEBB3EEF-21D7-450D-BD3E-32DCD64A9C4A}.Release|Any CPU.ActiveCfg = Release|Any CPU
		{AEBB3EEF-21D7-450D-BD3E-32DCD64A9C4A}.Release|Any CPU.Build.0 = Release|Any CPU
		{D7D9F7C8-1191-4F7D-A944-C6D3C6540DAA}.Debug|Any CPU.ActiveCfg = Debug|Any CPU
		{D7D9F7C8-1191-4F7D-A944-C6D3C6540DAA}.Debug|Any CPU.Build.0 = Debug|Any CPU
		{D7D9F7C8-1191-4F7D-A944-C6D3C6540DAA}.Release|Any CPU.ActiveCfg = Release|Any CPU
		{D7D9F7C8-1191-4F7D-A944-C6D3C6540DAA}.Release|Any CPU.Build.0 = Release|Any CPU
		{6BBE31BA-217C-4A08-A4AF-7B2C6F778BC0}.Debug|Any CPU.ActiveCfg = Debug|Any CPU
		{6BBE31BA-217C-4A08-A4AF-7B2C6F778BC0}.Debug|Any CPU.Build.0 = Debug|Any CPU
		{6BBE31BA-217C-4A08-A4AF-7B2C6F778BC0}.Release|Any CPU.ActiveCfg = Release|Any CPU
		{6BBE31BA-217C-4A08-A4AF-7B2C6F778BC0}.Release|Any CPU.Build.0 = Release|Any CPU
		{382DA79F-F794-495C-A8D5-34C44E5906F2}.Debug|Any CPU.ActiveCfg = Debug|Any CPU
		{382DA79F-F794-495C-A8D5-34C44E5906F2}.Debug|Any CPU.Build.0 = Debug|Any CPU
		{382DA79F-F794-495C-A8D5-34C44E5906F2}.Release|Any CPU.ActiveCfg = Release|Any CPU
		{382DA79F-F794-495C-A8D5-34C44E5906F2}.Release|Any CPU.Build.0 = Release|Any CPU
		{0F507D3C-74F9-4AD3-8CE4-A26C768EFFC6}.Debug|Any CPU.ActiveCfg = Debug|Any CPU
		{0F507D3C-74F9-4AD3-8CE4-A26C768EFFC6}.Debug|Any CPU.Build.0 = Debug|Any CPU
		{0F507D3C-74F9-4AD3-8CE4-A26C768EFFC6}.Release|Any CPU.ActiveCfg = Release|Any CPU
		{0F507D3C-74F9-4AD3-8CE4-A26C768EFFC6}.Release|Any CPU.Build.0 = Release|Any CPU
		{38AEF939-AEC7-42AC-8B30-63F75EAD2932}.Debug|Any CPU.ActiveCfg = Debug|Any CPU
		{38AEF939-AEC7-42AC-8B30-63F75EAD2932}.Debug|Any CPU.Build.0 = Debug|Any CPU
		{38AEF939-AEC7-42AC-8B30-63F75EAD2932}.Release|Any CPU.ActiveCfg = Release|Any CPU
		{38AEF939-AEC7-42AC-8B30-63F75EAD2932}.Release|Any CPU.Build.0 = Release|Any CPU
		{4D759796-C880-4E2F-A250-BB80CCECBC91}.Debug|Any CPU.ActiveCfg = Debug|Any CPU
		{4D759796-C880-4E2F-A250-BB80CCECBC91}.Debug|Any CPU.Build.0 = Debug|Any CPU
		{4D759796-C880-4E2F-A250-BB80CCECBC91}.Release|Any CPU.ActiveCfg = Release|Any CPU
		{4D759796-C880-4E2F-A250-BB80CCECBC91}.Release|Any CPU.Build.0 = Release|Any CPU
		{C7861223-D6F1-428A-B489-1F568A44E438}.Debug|Any CPU.ActiveCfg = Debug|Any CPU
		{C7861223-D6F1-428A-B489-1F568A44E438}.Debug|Any CPU.Build.0 = Debug|Any CPU
		{C7861223-D6F1-428A-B489-1F568A44E438}.Release|Any CPU.ActiveCfg = Release|Any CPU
		{C7861223-D6F1-428A-B489-1F568A44E438}.Release|Any CPU.Build.0 = Release|Any CPU
	EndGlobalSection
	GlobalSection(SolutionProperties) = preSolution
		HideSolutionNode = FALSE
	EndGlobalSection
	GlobalSection(ExtensibilityGlobals) = postSolution
		SolutionGuid = {E9309C71-5083-449B-AA6A-F2C34892DF9F}
	EndGlobalSection
EndGlobal
